// !$*UTF8*$!
{
	archiveVersion = 1;
	classes = {
	};
	objectVersion = 56;
	objects = {

/* Begin PBXBuildFile section */
		132929872BAC41C000AFF2B1 /* MapKit2App.swift in Sources */ = {isa = PBXBuildFile; fileRef = 132929862BAC41C000AFF2B1 /* MapKit2App.swift */; };
		132929892BAC41C000AFF2B1 /* ContentView.swift in Sources */ = {isa = PBXBuildFile; fileRef = 132929882BAC41C000AFF2B1 /* ContentView.swift */; };
		1329298B2BAC41C100AFF2B1 /* Assets.xcassets in Resources */ = {isa = PBXBuildFile; fileRef = 1329298A2BAC41C100AFF2B1 /* Assets.xcassets */; };
		1329298E2BAC41C100AFF2B1 /* Preview Assets.xcassets in Resources */ = {isa = PBXBuildFile; fileRef = 1329298D2BAC41C100AFF2B1 /* Preview Assets.xcassets */; };
		1345718D2BADB30100002E61 /* CodableGeoJSON in Frameworks */ = {isa = PBXBuildFile; productRef = 1345718C2BADB30100002E61 /* CodableGeoJSON */; };
		1347BCA92BADBBB6003FF9D5 /* world.json in Resources */ = {isa = PBXBuildFile; fileRef = 1347BCA82BADBBB6003FF9D5 /* world.json */; };
		1347BCAB2BADBE37003FF9D5 /* CountryProperties.swift in Sources */ = {isa = PBXBuildFile; fileRef = 1347BCAA2BADBE37003FF9D5 /* CountryProperties.swift */; };
		13742D8E2BADA64F005FB4BA /* SVGKit in Frameworks */ = {isa = PBXBuildFile; productRef = 13742D8D2BADA64F005FB4BA /* SVGKit */; };
		13742D902BADA64F005FB4BA /* SVGKitSwift in Frameworks */ = {isa = PBXBuildFile; productRef = 13742D8F2BADA64F005FB4BA /* SVGKitSwift */; };
		6CB0138F2BB1327D005F2CD6 /* LoginDelegate.swift in Sources */ = {isa = PBXBuildFile; fileRef = 6CB0138E2BB1327D005F2CD6 /* LoginDelegate.swift */; };
		6CB013912BB1333D005F2CD6 /* LoginView.swift in Sources */ = {isa = PBXBuildFile; fileRef = 6CB013902BB1333D005F2CD6 /* LoginView.swift */; };
		6CC2D8512BB06ED900109F81 /* KakaoSDKAuth in Frameworks */ = {isa = PBXBuildFile; productRef = 6CC2D8502BB06ED900109F81 /* KakaoSDKAuth */; };
		6CC2D8532BB06ED900109F81 /* KakaoSDKCommon in Frameworks */ = {isa = PBXBuildFile; productRef = 6CC2D8522BB06ED900109F81 /* KakaoSDKCommon */; };
		6CC2D8552BB06ED900109F81 /* KakaoSDKUser in Frameworks */ = {isa = PBXBuildFile; productRef = 6CC2D8542BB06ED900109F81 /* KakaoSDKUser */; };
		6CC2D8572BB0726900109F81 /* Info.plist in Resources */ = {isa = PBXBuildFile; fileRef = 6CC2D8562BB0726900109F81 /* Info.plist */; };
		6CEDFDC52BAE91A100889783 /* CountryData.swift in Sources */ = {isa = PBXBuildFile; fileRef = 6CEDFDC42BAE91A100889783 /* CountryData.swift */; };
		6CEDFDC92BAF153B00889783 /* SplashView.swift in Sources */ = {isa = PBXBuildFile; fileRef = 6CEDFDC82BAF153B00889783 /* SplashView.swift */; };
/* End PBXBuildFile section */

/* Begin PBXFileReference section */
		132929832BAC41C000AFF2B1 /* MapKit2.app */ = {isa = PBXFileReference; explicitFileType = wrapper.application; includeInIndex = 0; path = MapKit2.app; sourceTree = BUILT_PRODUCTS_DIR; };
		132929862BAC41C000AFF2B1 /* MapKit2App.swift */ = {isa = PBXFileReference; lastKnownFileType = sourcecode.swift; path = MapKit2App.swift; sourceTree = "<group>"; };
		132929882BAC41C000AFF2B1 /* ContentView.swift */ = {isa = PBXFileReference; lastKnownFileType = sourcecode.swift; path = ContentView.swift; sourceTree = "<group>"; };
		1329298A2BAC41C100AFF2B1 /* Assets.xcassets */ = {isa = PBXFileReference; lastKnownFileType = folder.assetcatalog; path = Assets.xcassets; sourceTree = "<group>"; };
		1329298D2BAC41C100AFF2B1 /* Preview Assets.xcassets */ = {isa = PBXFileReference; lastKnownFileType = folder.assetcatalog; path = "Preview Assets.xcassets"; sourceTree = "<group>"; };
		1347BCA82BADBBB6003FF9D5 /* world.json */ = {isa = PBXFileReference; fileEncoding = 4; lastKnownFileType = text.json; path = world.json; sourceTree = "<group>"; };
		1347BCAA2BADBE37003FF9D5 /* CountryProperties.swift */ = {isa = PBXFileReference; lastKnownFileType = sourcecode.swift; path = CountryProperties.swift; sourceTree = "<group>"; };
		6CB0138A2BB13084005F2CD6 /* Info.plist */ = {isa = PBXFileReference; lastKnownFileType = text.plist; path = Info.plist; sourceTree = "<group>"; };
		6CB0138B2BB130D8005F2CD6 /* Config.xcconfig */ = {isa = PBXFileReference; lastKnownFileType = text.xcconfig; path = Config.xcconfig; sourceTree = "<group>"; };
		6CB0138E2BB1327D005F2CD6 /* LoginDelegate.swift */ = {isa = PBXFileReference; lastKnownFileType = sourcecode.swift; path = LoginDelegate.swift; sourceTree = "<group>"; };
		6CB013902BB1333D005F2CD6 /* LoginView.swift */ = {isa = PBXFileReference; lastKnownFileType = sourcecode.swift; path = LoginView.swift; sourceTree = "<group>"; };
		6CC2D8562BB0726900109F81 /* Info.plist */ = {isa = PBXFileReference; lastKnownFileType = text.plist.xml; path = Info.plist; sourceTree = "<group>"; };
		6CEDFDC42BAE91A100889783 /* CountryData.swift */ = {isa = PBXFileReference; lastKnownFileType = sourcecode.swift; path = CountryData.swift; sourceTree = "<group>"; };
		6CEDFDC82BAF153B00889783 /* SplashView.swift */ = {isa = PBXFileReference; lastKnownFileType = sourcecode.swift; path = SplashView.swift; sourceTree = "<group>"; };
/* End PBXFileReference section */

/* Begin PBXFrameworksBuildPhase section */
		132929802BAC41C000AFF2B1 /* Frameworks */ = {
			isa = PBXFrameworksBuildPhase;
			buildActionMask = 2147483647;
			files = (
				13742D902BADA64F005FB4BA /* SVGKitSwift in Frameworks */,
				13742D8E2BADA64F005FB4BA /* SVGKit in Frameworks */,
				6CC2D8552BB06ED900109F81 /* KakaoSDKUser in Frameworks */,
				1345718D2BADB30100002E61 /* CodableGeoJSON in Frameworks */,
				6CC2D8532BB06ED900109F81 /* KakaoSDKCommon in Frameworks */,
				6CC2D8512BB06ED900109F81 /* KakaoSDKAuth in Frameworks */,
			);
			runOnlyForDeploymentPostprocessing = 0;
		};
/* End PBXFrameworksBuildPhase section */

/* Begin PBXGroup section */
		1329297A2BAC41C000AFF2B1 = {
			isa = PBXGroup;
			children = (
				6CB013902BB1333D005F2CD6 /* LoginView.swift */,
				6CB0138E2BB1327D005F2CD6 /* LoginDelegate.swift */,
				6CB0138B2BB130D8005F2CD6 /* Config.xcconfig */,
				6CC2D8562BB0726900109F81 /* Info.plist */,
				6CEDFDC32BAE918E00889783 /* Model */,
				132929852BAC41C000AFF2B1 /* MapKit2 */,
				132929842BAC41C000AFF2B1 /* Products */,
			);
			sourceTree = "<group>";
		};
		132929842BAC41C000AFF2B1 /* Products */ = {
			isa = PBXGroup;
			children = (
				132929832BAC41C000AFF2B1 /* MapKit2.app */,
			);
			name = Products;
			sourceTree = "<group>";
		};
		132929852BAC41C000AFF2B1 /* MapKit2 */ = {
			isa = PBXGroup;
			children = (
				6CB0138A2BB13084005F2CD6 /* Info.plist */,
				132929862BAC41C000AFF2B1 /* MapKit2App.swift */,
				6CEDFDC82BAF153B00889783 /* SplashView.swift */,
				132929882BAC41C000AFF2B1 /* ContentView.swift */,
				1347BCAA2BADBE37003FF9D5 /* CountryProperties.swift */,
				1347BCA82BADBBB6003FF9D5 /* world.json */,
				1329298A2BAC41C100AFF2B1 /* Assets.xcassets */,
				1329298C2BAC41C100AFF2B1 /* Preview Content */,
			);
			path = MapKit2;
			sourceTree = "<group>";
		};
		1329298C2BAC41C100AFF2B1 /* Preview Content */ = {
			isa = PBXGroup;
			children = (
				1329298D2BAC41C100AFF2B1 /* Preview Assets.xcassets */,
			);
			path = "Preview Content";
			sourceTree = "<group>";
		};
		6CEDFDC32BAE918E00889783 /* Model */ = {
			isa = PBXGroup;
			children = (
				6CEDFDC42BAE91A100889783 /* CountryData.swift */,
			);
			path = Model;
			sourceTree = "<group>";
		};
/* End PBXGroup section */

/* Begin PBXNativeTarget section */
		132929822BAC41C000AFF2B1 /* MapKit2 */ = {
			isa = PBXNativeTarget;
			buildConfigurationList = 132929912BAC41C100AFF2B1 /* Build configuration list for PBXNativeTarget "MapKit2" */;
			buildPhases = (
				1329297F2BAC41C000AFF2B1 /* Sources */,
				132929802BAC41C000AFF2B1 /* Frameworks */,
				132929812BAC41C000AFF2B1 /* Resources */,
			);
			buildRules = (
			);
			dependencies = (
			);
			name = MapKit2;
			packageProductDependencies = (
				13742D8D2BADA64F005FB4BA /* SVGKit */,
				13742D8F2BADA64F005FB4BA /* SVGKitSwift */,
				1345718C2BADB30100002E61 /* CodableGeoJSON */,
				6CC2D8502BB06ED900109F81 /* KakaoSDKAuth */,
				6CC2D8522BB06ED900109F81 /* KakaoSDKCommon */,
				6CC2D8542BB06ED900109F81 /* KakaoSDKUser */,
			);
			productName = MapKit2;
			productReference = 132929832BAC41C000AFF2B1 /* MapKit2.app */;
			productType = "com.apple.product-type.application";
		};
/* End PBXNativeTarget section */

/* Begin PBXProject section */
		1329297B2BAC41C000AFF2B1 /* Project object */ = {
			isa = PBXProject;
			attributes = {
				BuildIndependentTargetsInParallel = 1;
				LastSwiftUpdateCheck = 1430;
				LastUpgradeCheck = 1430;
				TargetAttributes = {
					132929822BAC41C000AFF2B1 = {
						CreatedOnToolsVersion = 14.3.1;
					};
				};
			};
			buildConfigurationList = 1329297E2BAC41C000AFF2B1 /* Build configuration list for PBXProject "MapKit2" */;
			compatibilityVersion = "Xcode 14.0";
			developmentRegion = en;
			hasScannedForEncodings = 0;
			knownRegions = (
				en,
				Base,
			);
			mainGroup = 1329297A2BAC41C000AFF2B1;
			packageReferences = (
				13742D8C2BADA64F005FB4BA /* XCRemoteSwiftPackageReference "SVGKit" */,
				1345718B2BADB30100002E61 /* XCRemoteSwiftPackageReference "CodableGeoJSON" */,
				6CC2D84F2BB06ED900109F81 /* XCRemoteSwiftPackageReference "kakao-ios-sdk" */,
			);
			productRefGroup = 132929842BAC41C000AFF2B1 /* Products */;
			projectDirPath = "";
			projectRoot = "";
			targets = (
				132929822BAC41C000AFF2B1 /* MapKit2 */,
			);
		};
/* End PBXProject section */

/* Begin PBXResourcesBuildPhase section */
		132929812BAC41C000AFF2B1 /* Resources */ = {
			isa = PBXResourcesBuildPhase;
			buildActionMask = 2147483647;
			files = (
				6CC2D8572BB0726900109F81 /* Info.plist in Resources */,
				1347BCA92BADBBB6003FF9D5 /* world.json in Resources */,
				1329298E2BAC41C100AFF2B1 /* Preview Assets.xcassets in Resources */,
				1329298B2BAC41C100AFF2B1 /* Assets.xcassets in Resources */,
			);
			runOnlyForDeploymentPostprocessing = 0;
		};
/* End PBXResourcesBuildPhase section */

/* Begin PBXSourcesBuildPhase section */
		1329297F2BAC41C000AFF2B1 /* Sources */ = {
			isa = PBXSourcesBuildPhase;
			buildActionMask = 2147483647;
			files = (
				6CB0138F2BB1327D005F2CD6 /* LoginDelegate.swift in Sources */,
				6CB013912BB1333D005F2CD6 /* LoginView.swift in Sources */,
				1347BCAB2BADBE37003FF9D5 /* CountryProperties.swift in Sources */,
				132929892BAC41C000AFF2B1 /* ContentView.swift in Sources */,
				6CEDFDC92BAF153B00889783 /* SplashView.swift in Sources */,
				6CEDFDC52BAE91A100889783 /* CountryData.swift in Sources */,
				132929872BAC41C000AFF2B1 /* MapKit2App.swift in Sources */,
			);
			runOnlyForDeploymentPostprocessing = 0;
		};
/* End PBXSourcesBuildPhase section */

/* Begin XCBuildConfiguration section */
		1329298F2BAC41C100AFF2B1 /* Debug */ = {
			isa = XCBuildConfiguration;
			baseConfigurationReference = 6CB0138B2BB130D8005F2CD6 /* Config.xcconfig */;
			buildSettings = {
				ALWAYS_SEARCH_USER_PATHS = NO;
				CLANG_ANALYZER_NONNULL = YES;
				CLANG_ANALYZER_NUMBER_OBJECT_CONVERSION = YES_AGGRESSIVE;
				CLANG_CXX_LANGUAGE_STANDARD = "gnu++20";
				CLANG_ENABLE_MODULES = YES;
				CLANG_ENABLE_OBJC_ARC = YES;
				CLANG_ENABLE_OBJC_WEAK = YES;
				CLANG_WARN_BLOCK_CAPTURE_AUTORELEASING = YES;
				CLANG_WARN_BOOL_CONVERSION = YES;
				CLANG_WARN_COMMA = YES;
				CLANG_WARN_CONSTANT_CONVERSION = YES;
				CLANG_WARN_DEPRECATED_OBJC_IMPLEMENTATIONS = YES;
				CLANG_WARN_DIRECT_OBJC_ISA_USAGE = YES_ERROR;
				CLANG_WARN_DOCUMENTATION_COMMENTS = YES;
				CLANG_WARN_EMPTY_BODY = YES;
				CLANG_WARN_ENUM_CONVERSION = YES;
				CLANG_WARN_INFINITE_RECURSION = YES;
				CLANG_WARN_INT_CONVERSION = YES;
				CLANG_WARN_NON_LITERAL_NULL_CONVERSION = YES;
				CLANG_WARN_OBJC_IMPLICIT_RETAIN_SELF = YES;
				CLANG_WARN_OBJC_LITERAL_CONVERSION = YES;
				CLANG_WARN_OBJC_ROOT_CLASS = YES_ERROR;
				CLANG_WARN_QUOTED_INCLUDE_IN_FRAMEWORK_HEADER = YES;
				CLANG_WARN_RANGE_LOOP_ANALYSIS = YES;
				CLANG_WARN_STRICT_PROTOTYPES = YES;
				CLANG_WARN_SUSPICIOUS_MOVE = YES;
				CLANG_WARN_UNGUARDED_AVAILABILITY = YES_AGGRESSIVE;
				CLANG_WARN_UNREACHABLE_CODE = YES;
				CLANG_WARN__DUPLICATE_METHOD_MATCH = YES;
				COPY_PHASE_STRIP = NO;
				DEBUG_INFORMATION_FORMAT = dwarf;
				ENABLE_STRICT_OBJC_MSGSEND = YES;
				ENABLE_TESTABILITY = YES;
				GCC_C_LANGUAGE_STANDARD = gnu11;
				GCC_DYNAMIC_NO_PIC = NO;
				GCC_NO_COMMON_BLOCKS = YES;
				GCC_OPTIMIZATION_LEVEL = 0;
				GCC_PREPROCESSOR_DEFINITIONS = (
					"DEBUG=1",
					"$(inherited)",
				);
				GCC_WARN_64_TO_32_BIT_CONVERSION = YES;
				GCC_WARN_ABOUT_RETURN_TYPE = YES_ERROR;
				GCC_WARN_UNDECLARED_SELECTOR = YES;
				GCC_WARN_UNINITIALIZED_AUTOS = YES_AGGRESSIVE;
				GCC_WARN_UNUSED_FUNCTION = YES;
				GCC_WARN_UNUSED_VARIABLE = YES;
				IPHONEOS_DEPLOYMENT_TARGET = 16.4;
				MTL_ENABLE_DEBUG_INFO = INCLUDE_SOURCE;
				MTL_FAST_MATH = YES;
				ONLY_ACTIVE_ARCH = YES;
				SDKROOT = iphoneos;
				SWIFT_ACTIVE_COMPILATION_CONDITIONS = DEBUG;
				SWIFT_OPTIMIZATION_LEVEL = "-Onone";
			};
			name = Debug;
		};
		132929902BAC41C100AFF2B1 /* Release */ = {
			isa = XCBuildConfiguration;
			baseConfigurationReference = 6CB0138B2BB130D8005F2CD6 /* Config.xcconfig */;
			buildSettings = {
				ALWAYS_SEARCH_USER_PATHS = NO;
				CLANG_ANALYZER_NONNULL = YES;
				CLANG_ANALYZER_NUMBER_OBJECT_CONVERSION = YES_AGGRESSIVE;
				CLANG_CXX_LANGUAGE_STANDARD = "gnu++20";
				CLANG_ENABLE_MODULES = YES;
				CLANG_ENABLE_OBJC_ARC = YES;
				CLANG_ENABLE_OBJC_WEAK = YES;
				CLANG_WARN_BLOCK_CAPTURE_AUTORELEASING = YES;
				CLANG_WARN_BOOL_CONVERSION = YES;
				CLANG_WARN_COMMA = YES;
				CLANG_WARN_CONSTANT_CONVERSION = YES;
				CLANG_WARN_DEPRECATED_OBJC_IMPLEMENTATIONS = YES;
				CLANG_WARN_DIRECT_OBJC_ISA_USAGE = YES_ERROR;
				CLANG_WARN_DOCUMENTATION_COMMENTS = YES;
				CLANG_WARN_EMPTY_BODY = YES;
				CLANG_WARN_ENUM_CONVERSION = YES;
				CLANG_WARN_INFINITE_RECURSION = YES;
				CLANG_WARN_INT_CONVERSION = YES;
				CLANG_WARN_NON_LITERAL_NULL_CONVERSION = YES;
				CLANG_WARN_OBJC_IMPLICIT_RETAIN_SELF = YES;
				CLANG_WARN_OBJC_LITERAL_CONVERSION = YES;
				CLANG_WARN_OBJC_ROOT_CLASS = YES_ERROR;
				CLANG_WARN_QUOTED_INCLUDE_IN_FRAMEWORK_HEADER = YES;
				CLANG_WARN_RANGE_LOOP_ANALYSIS = YES;
				CLANG_WARN_STRICT_PROTOTYPES = YES;
				CLANG_WARN_SUSPICIOUS_MOVE = YES;
				CLANG_WARN_UNGUARDED_AVAILABILITY = YES_AGGRESSIVE;
				CLANG_WARN_UNREACHABLE_CODE = YES;
				CLANG_WARN__DUPLICATE_METHOD_MATCH = YES;
				COPY_PHASE_STRIP = NO;
				DEBUG_INFORMATION_FORMAT = "dwarf-with-dsym";
				ENABLE_NS_ASSERTIONS = NO;
				ENABLE_STRICT_OBJC_MSGSEND = YES;
				GCC_C_LANGUAGE_STANDARD = gnu11;
				GCC_NO_COMMON_BLOCKS = YES;
				GCC_WARN_64_TO_32_BIT_CONVERSION = YES;
				GCC_WARN_ABOUT_RETURN_TYPE = YES_ERROR;
				GCC_WARN_UNDECLARED_SELECTOR = YES;
				GCC_WARN_UNINITIALIZED_AUTOS = YES_AGGRESSIVE;
				GCC_WARN_UNUSED_FUNCTION = YES;
				GCC_WARN_UNUSED_VARIABLE = YES;
				IPHONEOS_DEPLOYMENT_TARGET = 16.4;
				MTL_ENABLE_DEBUG_INFO = NO;
				MTL_FAST_MATH = YES;
				SDKROOT = iphoneos;
				SWIFT_COMPILATION_MODE = wholemodule;
				SWIFT_OPTIMIZATION_LEVEL = "-O";
				VALIDATE_PRODUCT = YES;
			};
			name = Release;
		};
		132929922BAC41C100AFF2B1 /* Debug */ = {
			isa = XCBuildConfiguration;
			baseConfigurationReference = 6CB0138B2BB130D8005F2CD6 /* Config.xcconfig */;
			buildSettings = {
				ASSETCATALOG_COMPILER_APPICON_NAME = AppIcon;
				ASSETCATALOG_COMPILER_GLOBAL_ACCENT_COLOR_NAME = AccentColor;
				CODE_SIGN_STYLE = Automatic;
				CURRENT_PROJECT_VERSION = 1;
				DEVELOPMENT_ASSET_PATHS = "\"MapKit2/Preview Content\"";
				DEVELOPMENT_TEAM = 3J5ZFK63VA;
				ENABLE_PREVIEWS = YES;
				GENERATE_INFOPLIST_FILE = YES;
				INFOPLIST_FILE = MapKit2/Info.plist;
				INFOPLIST_KEY_UIApplicationSceneManifest_Generation = YES;
				INFOPLIST_KEY_UIApplicationSupportsIndirectInputEvents = YES;
				INFOPLIST_KEY_UILaunchScreen_Generation = YES;
				INFOPLIST_KEY_UISupportedInterfaceOrientations_iPad = "UIInterfaceOrientationPortrait UIInterfaceOrientationPortraitUpsideDown UIInterfaceOrientationLandscapeLeft UIInterfaceOrientationLandscapeRight";
				INFOPLIST_KEY_UISupportedInterfaceOrientations_iPhone = "UIInterfaceOrientationPortrait UIInterfaceOrientationLandscapeLeft UIInterfaceOrientationLandscapeRight";
				LD_RUNPATH_SEARCH_PATHS = (
					"$(inherited)",
					"@executable_path/Frameworks",
				);
				MARKETING_VERSION = 1.0;
				PRODUCT_BUNDLE_IDENTIFIER = com.hongjuyeon.MapKit2;
				PRODUCT_NAME = "$(TARGET_NAME)";
				SWIFT_EMIT_LOC_STRINGS = YES;
				SWIFT_VERSION = 5.0;
				TARGETED_DEVICE_FAMILY = "1,2";
			};
			name = Debug;
		};
		132929932BAC41C100AFF2B1 /* Release */ = {
			isa = XCBuildConfiguration;
			baseConfigurationReference = 6CB0138B2BB130D8005F2CD6 /* Config.xcconfig */;
			buildSettings = {
				ASSETCATALOG_COMPILER_APPICON_NAME = AppIcon;
				ASSETCATALOG_COMPILER_GLOBAL_ACCENT_COLOR_NAME = AccentColor;
				CODE_SIGN_STYLE = Automatic;
				CURRENT_PROJECT_VERSION = 1;
				DEVELOPMENT_ASSET_PATHS = "\"MapKit2/Preview Content\"";
				DEVELOPMENT_TEAM = 3J5ZFK63VA;
				ENABLE_PREVIEWS = YES;
				GENERATE_INFOPLIST_FILE = YES;
				INFOPLIST_FILE = MapKit2/Info.plist;
				INFOPLIST_KEY_UIApplicationSceneManifest_Generation = YES;
				INFOPLIST_KEY_UIApplicationSupportsIndirectInputEvents = YES;
				INFOPLIST_KEY_UILaunchScreen_Generation = YES;
				INFOPLIST_KEY_UISupportedInterfaceOrientations_iPad = "UIInterfaceOrientationPortrait UIInterfaceOrientationPortraitUpsideDown UIInterfaceOrientationLandscapeLeft UIInterfaceOrientationLandscapeRight";
				INFOPLIST_KEY_UISupportedInterfaceOrientations_iPhone = "UIInterfaceOrientationPortrait UIInterfaceOrientationLandscapeLeft UIInterfaceOrientationLandscapeRight";
				LD_RUNPATH_SEARCH_PATHS = (
					"$(inherited)",
					"@executable_path/Frameworks",
				);
				MARKETING_VERSION = 1.0;
				PRODUCT_BUNDLE_IDENTIFIER = com.hongjuyeon.MapKit2;
				PRODUCT_NAME = "$(TARGET_NAME)";
				SWIFT_EMIT_LOC_STRINGS = YES;
				SWIFT_VERSION = 5.0;
				TARGETED_DEVICE_FAMILY = "1,2";
			};
			name = Release;
		};
/* End XCBuildConfiguration section */

/* Begin XCConfigurationList section */
		1329297E2BAC41C000AFF2B1 /* Build configuration list for PBXProject "MapKit2" */ = {
			isa = XCConfigurationList;
			buildConfigurations = (
				1329298F2BAC41C100AFF2B1 /* Debug */,
				132929902BAC41C100AFF2B1 /* Release */,
			);
			defaultConfigurationIsVisible = 0;
			defaultConfigurationName = Release;
		};
		132929912BAC41C100AFF2B1 /* Build configuration list for PBXNativeTarget "MapKit2" */ = {
			isa = XCConfigurationList;
			buildConfigurations = (
				132929922BAC41C100AFF2B1 /* Debug */,
				132929932BAC41C100AFF2B1 /* Release */,
			);
			defaultConfigurationIsVisible = 0;
			defaultConfigurationName = Release;
		};
/* End XCConfigurationList section */

/* Begin XCRemoteSwiftPackageReference section */
		1345718B2BADB30100002E61 /* XCRemoteSwiftPackageReference "CodableGeoJSON" */ = {
			isa = XCRemoteSwiftPackageReference;
			repositoryURL = "https://github.com/guykogus/CodableGeoJSON.git";
			requirement = {
				kind = upToNextMajorVersion;
				minimumVersion = 1.2.0;
			};
		};
		13742D8C2BADA64F005FB4BA /* XCRemoteSwiftPackageReference "SVGKit" */ = {
			isa = XCRemoteSwiftPackageReference;
			repositoryURL = "https://github.com/SVGKit/SVGKit.git";
			requirement = {
				kind = upToNextMajorVersion;
				minimumVersion = 3.0.0;
			};
		};
		6CC2D84F2BB06ED900109F81 /* XCRemoteSwiftPackageReference "kakao-ios-sdk" */ = {
			isa = XCRemoteSwiftPackageReference;
			repositoryURL = "https://github.com/kakao/kakao-ios-sdk";
			requirement = {
				kind = upToNextMajorVersion;
				minimumVersion = 2.22.0;
			};
		};
/* End XCRemoteSwiftPackageReference section */

/* Begin XCSwiftPackageProductDependency section */
		1345718C2BADB30100002E61 /* CodableGeoJSON */ = {
			isa = XCSwiftPackageProductDependency;
			package = 1345718B2BADB30100002E61 /* XCRemoteSwiftPackageReference "CodableGeoJSON" */;
			productName = CodableGeoJSON;
		};
		13742D8D2BADA64F005FB4BA /* SVGKit */ = {
			isa = XCSwiftPackageProductDependency;
			package = 13742D8C2BADA64F005FB4BA /* XCRemoteSwiftPackageReference "SVGKit" */;
			productName = SVGKit;
		};
		13742D8F2BADA64F005FB4BA /* SVGKitSwift */ = {
			isa = XCSwiftPackageProductDependency;
			package = 13742D8C2BADA64F005FB4BA /* XCRemoteSwiftPackageReference "SVGKit" */;
			productName = SVGKitSwift;
		};
		6CC2D8502BB06ED900109F81 /* KakaoSDKAuth */ = {
			isa = XCSwiftPackageProductDependency;
			package = 6CC2D84F2BB06ED900109F81 /* XCRemoteSwiftPackageReference "kakao-ios-sdk" */;
			productName = KakaoSDKAuth;
		};
		6CC2D8522BB06ED900109F81 /* KakaoSDKCommon */ = {
			isa = XCSwiftPackageProductDependency;
			package = 6CC2D84F2BB06ED900109F81 /* XCRemoteSwiftPackageReference "kakao-ios-sdk" */;
			productName = KakaoSDKCommon;
		};
		6CC2D8542BB06ED900109F81 /* KakaoSDKUser */ = {
			isa = XCSwiftPackageProductDependency;
			package = 6CC2D84F2BB06ED900109F81 /* XCRemoteSwiftPackageReference "kakao-ios-sdk" */;
			productName = KakaoSDKUser;
		};
/* End XCSwiftPackageProductDependency section */
	};
	rootObject = 1329297B2BAC41C000AFF2B1 /* Project object */;
}
